{
  "version": 4,
  "terraform_version": "1.9.7",
  "serial": 1667,
  "lineage": "471b1720-787b-ec59-687d-1009162a186d",
  "outputs": {
    "argocd_url": {
      "value": "http://51.17.101.250:8080",
      "type": "string"
    },
    "controller_public_ip": {
      "value": "51.17.101.250",
      "type": "string"
    },
    "grafana_url": {
      "value": "http://51.17.101.250:3000",
      "type": "string"
    },
    "worker_public_ips": {
      "value": [
        "51.17.21.153"
      ],
      "type": [
        "tuple",
        [
          "string"
        ]
      ]
    }
  },
  "resources": [
    {
      "mode": "data",
      "type": "aws_ami",
      "name": "ubuntu",
      "provider": "provider[\"registry.terraform.io/hashicorp/aws\"]",
      "instances": [
        {
          "schema_version": 0,
          "attributes": {
            "architecture": "x86_64",
            "arn": "arn:aws:ec2:il-central-1::image/ami-09d946db9bd506588",
            "block_device_mappings": [
              {
                "device_name": "/dev/sda1",
                "ebs": {
                  "delete_on_termination": "true",
                  "encrypted": "false",
                  "iops": "0",
                  "snapshot_id": "snap-0ec1ff72bf9bf241f",
                  "throughput": "0",
                  "volume_size": "8",
                  "volume_type": "gp2"
                },
                "no_device": "",
                "virtual_name": ""
              },
              {
                "device_name": "/dev/sdb",
                "ebs": {},
                "no_device": "",
                "virtual_name": "ephemeral0"
              },
              {
                "device_name": "/dev/sdc",
                "ebs": {},
                "no_device": "",
                "virtual_name": "ephemeral1"
              }
            ],
            "boot_mode": "legacy-bios",
            "creation_date": "2024-10-02T22:33:36.000Z",
            "deprecation_time": "2026-10-02T22:33:36.000Z",
            "description": "Canonical, Ubuntu, 20.04 LTS, amd64 focal image build on 2024-10-02",
            "ena_support": true,
            "executable_users": null,
            "filter": [
              {
                "name": "name",
                "values": [
                  "ubuntu/images/hvm-ssd/ubuntu-focal-20.04-amd64-server-*"
                ]
              }
            ],
            "hypervisor": "xen",
            "id": "ami-09d946db9bd506588",
            "image_id": "ami-09d946db9bd506588",
            "image_location": "amazon/ubuntu/images/hvm-ssd/ubuntu-focal-20.04-amd64-server-20241002",
            "image_owner_alias": "amazon",
            "image_type": "machine",
            "imds_support": "",
            "include_deprecated": false,
            "kernel_id": "",
            "most_recent": true,
            "name": "ubuntu/images/hvm-ssd/ubuntu-focal-20.04-amd64-server-20241002",
            "name_regex": null,
            "owner_id": "099720109477",
            "owners": [
              "099720109477"
            ],
            "platform": "",
            "platform_details": "Linux/UNIX",
            "product_codes": [],
            "public": true,
            "ramdisk_id": "",
            "root_device_name": "/dev/sda1",
            "root_device_type": "ebs",
            "root_snapshot_id": "snap-0ec1ff72bf9bf241f",
            "sriov_net_support": "simple",
            "state": "available",
            "state_reason": {
              "code": "UNSET",
              "message": "UNSET"
            },
            "tags": {},
            "timeouts": null,
            "tpm_support": "",
            "usage_operation": "RunInstances",
            "virtualization_type": "hvm"
          },
          "sensitive_attributes": []
        }
      ]
    },
    {
      "mode": "data",
      "type": "http",
      "name": "myip",
      "provider": "provider[\"registry.terraform.io/hashicorp/http\"]",
      "instances": [
        {
          "schema_version": 0,
          "attributes": {
            "body": "77.139.204.87\n",
            "ca_cert_pem": null,
            "id": "https://ipv4.icanhazip.com",
            "insecure": null,
            "method": null,
            "request_body": null,
            "request_headers": null,
            "request_timeout_ms": null,
            "response_body": "77.139.204.87\n",
            "response_body_base64": "NzcuMTM5LjIwNC44Nwo=",
            "response_headers": {
              "Access-Control-Allow-Methods": "GET",
              "Access-Control-Allow-Origin": "*",
              "Alt-Svc": "h3=\":443\"; ma=86400",
              "Cf-Ray": "8d2672747bca5322-LHR",
              "Content-Length": "14",
              "Content-Type": "text/plain",
              "Date": "Mon, 14 Oct 2024 09:12:19 GMT",
              "Server": "cloudflare",
              "Set-Cookie": "__cf_bm=XWk0BuU2WeY7ol4R_TeK._qpTymvfAXmpHkNQUy7Zq8-1728897139-1.0.1.1-SWUiEzdz.PwMv6MF63HDDz0eY5ZtNDgh94nT41BO.1r22w0KEJDFXwmxGsY.bBwHLI7PLGRpuLWpHxxd_eExnw; path=/; expires=Mon, 14-Oct-24 09:42:19 GMT; domain=.icanhazip.com; HttpOnly; Secure; SameSite=None",
              "Vary": "Accept-Encoding"
            },
            "retry": null,
            "status_code": 200,
            "url": "https://ipv4.icanhazip.com"
          },
          "sensitive_attributes": []
        }
      ]
    },
    {
      "mode": "managed",
      "type": "aws_instance",
      "name": "controller",
      "provider": "provider[\"registry.terraform.io/hashicorp/aws\"]",
      "instances": [
        {
          "index_key": 0,
          "schema_version": 1,
          "attributes": {
            "ami": "ami-09d946db9bd506588",
            "arn": "arn:aws:ec2:il-central-1:912466608750:instance/i-0fa768389b07a21b1",
            "associate_public_ip_address": true,
            "availability_zone": "il-central-1a",
            "capacity_reservation_specification": [
              {
                "capacity_reservation_preference": "open",
                "capacity_reservation_target": []
              }
            ],
            "cpu_core_count": 1,
            "cpu_options": [
              {
                "amd_sev_snp": "",
                "core_count": 1,
                "threads_per_core": 2
              }
            ],
            "cpu_threads_per_core": 2,
            "credit_specification": [
              {
                "cpu_credits": "unlimited"
              }
            ],
            "disable_api_stop": false,
            "disable_api_termination": false,
            "ebs_block_device": [],
            "ebs_optimized": false,
            "enclave_options": [
              {
                "enabled": false
              }
            ],
            "ephemeral_block_device": [],
            "get_password_data": false,
            "hibernation": false,
            "host_id": "",
            "host_resource_group_arn": null,
            "iam_instance_profile": "",
            "id": "i-0fa768389b07a21b1",
            "instance_initiated_shutdown_behavior": "stop",
            "instance_lifecycle": "",
            "instance_market_options": [],
            "instance_state": "running",
            "instance_type": "t3.medium",
            "ipv6_address_count": 0,
            "ipv6_addresses": [],
            "key_name": "k8s-kubeadm-key",
            "launch_template": [],
            "maintenance_options": [
              {
                "auto_recovery": "default"
              }
            ],
            "metadata_options": [
              {
                "http_endpoint": "enabled",
                "http_protocol_ipv6": "disabled",
                "http_put_response_hop_limit": 1,
                "http_tokens": "optional",
                "instance_metadata_tags": "enabled"
              }
            ],
            "monitoring": false,
            "network_interface": [],
            "outpost_arn": "",
            "password_data": "",
            "placement_group": "",
            "placement_partition_number": 0,
            "primary_network_interface_id": "eni-0ea7b3a087679d14c",
            "private_dns": "ip-10-0-1-10.il-central-1.compute.internal",
            "private_dns_name_options": [
              {
                "enable_resource_name_dns_a_record": false,
                "enable_resource_name_dns_aaaa_record": false,
                "hostname_type": "ip-name"
              }
            ],
            "private_ip": "10.0.1.10",
            "public_dns": "",
            "public_ip": "51.17.101.250",
            "root_block_device": [
              {
                "delete_on_termination": true,
                "device_name": "/dev/sda1",
                "encrypted": false,
                "iops": 100,
                "kms_key_id": "",
                "tags": {},
                "tags_all": {},
                "throughput": 0,
                "volume_id": "vol-0a576cdbeb0de7115",
                "volume_size": 8,
                "volume_type": "gp2"
              }
            ],
            "secondary_private_ips": [],
            "security_groups": [
              "sg-045fe3e9f6a01d3d3"
            ],
            "source_dest_check": true,
            "spot_instance_request_id": "",
            "subnet_id": "subnet-09b1d364f429618b4",
            "tags": {
              "Name": "k8s-kubeadm-controller-0"
            },
            "tags_all": {
              "Name": "k8s-kubeadm-controller-0"
            },
            "tenancy": "default",
            "timeouts": null,
            "user_data": null,
            "user_data_base64": null,
            "user_data_replace_on_change": false,
            "volume_tags": null,
            "vpc_security_group_ids": [
              "sg-045fe3e9f6a01d3d3"
            ]
          },
          "sensitive_attributes": [],
          "private": "eyJlMmJmYjczMC1lY2FhLTExZTYtOGY4OC0zNDM2M2JjN2M0YzAiOnsiY3JlYXRlIjo2MDAwMDAwMDAwMDAsImRlbGV0ZSI6MTIwMDAwMDAwMDAwMCwicmVhZCI6OTAwMDAwMDAwMDAwLCJ1cGRhdGUiOjYwMDAwMDAwMDAwMH0sInNjaGVtYV92ZXJzaW9uIjoiMSJ9",
          "dependencies": [
            "aws_key_pair.key_pair",
            "aws_security_group.main",
            "aws_subnet.main",
            "aws_vpc.main",
            "data.aws_ami.ubuntu",
            "tls_private_key.tls_private_key"
          ]
        }
      ]
    },
    {
      "mode": "managed",
      "type": "aws_instance",
      "name": "worker",
      "provider": "provider[\"registry.terraform.io/hashicorp/aws\"]",
      "instances": [
        {
          "index_key": 0,
          "schema_version": 1,
          "attributes": {
            "ami": "ami-09d946db9bd506588",
            "arn": "arn:aws:ec2:il-central-1:912466608750:instance/i-02709abe2da9f0da0",
            "associate_public_ip_address": true,
            "availability_zone": "il-central-1a",
            "capacity_reservation_specification": [
              {
                "capacity_reservation_preference": "open",
                "capacity_reservation_target": []
              }
            ],
            "cpu_core_count": 1,
            "cpu_options": [
              {
                "amd_sev_snp": "",
                "core_count": 1,
                "threads_per_core": 2
              }
            ],
            "cpu_threads_per_core": 2,
            "credit_specification": [
              {
                "cpu_credits": "unlimited"
              }
            ],
            "disable_api_stop": false,
            "disable_api_termination": false,
            "ebs_block_device": [],
            "ebs_optimized": false,
            "enclave_options": [
              {
                "enabled": false
              }
            ],
            "ephemeral_block_device": [],
            "get_password_data": false,
            "hibernation": false,
            "host_id": "",
            "host_resource_group_arn": null,
            "iam_instance_profile": "",
            "id": "i-02709abe2da9f0da0",
            "instance_initiated_shutdown_behavior": "stop",
            "instance_lifecycle": "",
            "instance_market_options": [],
            "instance_state": "running",
            "instance_type": "t3.small",
            "ipv6_address_count": 0,
            "ipv6_addresses": [],
            "key_name": "k8s-kubeadm-key",
            "launch_template": [],
            "maintenance_options": [
              {
                "auto_recovery": "default"
              }
            ],
            "metadata_options": [
              {
                "http_endpoint": "enabled",
                "http_protocol_ipv6": "disabled",
                "http_put_response_hop_limit": 1,
                "http_tokens": "optional",
                "instance_metadata_tags": "enabled"
              }
            ],
            "monitoring": false,
            "network_interface": [],
            "outpost_arn": "",
            "password_data": "",
            "placement_group": "",
            "placement_partition_number": 0,
            "primary_network_interface_id": "eni-0c1c297ee450d6a18",
            "private_dns": "ip-10-0-1-100.il-central-1.compute.internal",
            "private_dns_name_options": [
              {
                "enable_resource_name_dns_a_record": false,
                "enable_resource_name_dns_aaaa_record": false,
                "hostname_type": "ip-name"
              }
            ],
            "private_ip": "10.0.1.100",
            "public_dns": "",
            "public_ip": "51.17.21.153",
            "root_block_device": [
              {
                "delete_on_termination": true,
                "device_name": "/dev/sda1",
                "encrypted": false,
                "iops": 100,
                "kms_key_id": "",
                "tags": {},
                "tags_all": {},
                "throughput": 0,
                "volume_id": "vol-0b06186cbd889580c",
                "volume_size": 8,
                "volume_type": "gp2"
              }
            ],
            "secondary_private_ips": [],
            "security_groups": [
              "sg-045fe3e9f6a01d3d3"
            ],
            "source_dest_check": true,
            "spot_instance_request_id": "",
            "subnet_id": "subnet-09b1d364f429618b4",
            "tags": {
              "Name": "k8s-kubeadm-worker-0"
            },
            "tags_all": {
              "Name": "k8s-kubeadm-worker-0"
            },
            "tenancy": "default",
            "timeouts": null,
            "user_data": null,
            "user_data_base64": null,
            "user_data_replace_on_change": false,
            "volume_tags": null,
            "vpc_security_group_ids": [
              "sg-045fe3e9f6a01d3d3"
            ]
          },
          "sensitive_attributes": [],
          "private": "eyJlMmJmYjczMC1lY2FhLTExZTYtOGY4OC0zNDM2M2JjN2M0YzAiOnsiY3JlYXRlIjo2MDAwMDAwMDAwMDAsImRlbGV0ZSI6MTIwMDAwMDAwMDAwMCwicmVhZCI6OTAwMDAwMDAwMDAwLCJ1cGRhdGUiOjYwMDAwMDAwMDAwMH0sInNjaGVtYV92ZXJzaW9uIjoiMSJ9",
          "dependencies": [
            "aws_key_pair.key_pair",
            "aws_security_group.main",
            "aws_subnet.main",
            "aws_vpc.main",
            "data.aws_ami.ubuntu",
            "tls_private_key.tls_private_key"
          ]
        }
      ]
    },
    {
      "mode": "managed",
      "type": "aws_internet_gateway",
      "name": "main",
      "provider": "provider[\"registry.terraform.io/hashicorp/aws\"]",
      "instances": [
        {
          "schema_version": 0,
          "attributes": {
            "arn": "arn:aws:ec2:il-central-1:912466608750:internet-gateway/igw-0018fe3ee90d96fd2",
            "id": "igw-0018fe3ee90d96fd2",
            "owner_id": "912466608750",
            "tags": {
              "Name": "k8s-kubeadm-igw"
            },
            "tags_all": {
              "Name": "k8s-kubeadm-igw"
            },
            "timeouts": null,
            "vpc_id": "vpc-0e294875ae56cb4e0"
          },
          "sensitive_attributes": [],
          "private": "eyJlMmJmYjczMC1lY2FhLTExZTYtOGY4OC0zNDM2M2JjN2M0YzAiOnsiY3JlYXRlIjoxMjAwMDAwMDAwMDAwLCJkZWxldGUiOjEyMDAwMDAwMDAwMDAsInVwZGF0ZSI6MTIwMDAwMDAwMDAwMH19",
          "dependencies": [
            "aws_vpc.main"
          ]
        }
      ]
    },
    {
      "mode": "managed",
      "type": "aws_key_pair",
      "name": "key_pair",
      "provider": "provider[\"registry.terraform.io/hashicorp/aws\"]",
      "instances": [
        {
          "schema_version": 1,
          "attributes": {
            "arn": "arn:aws:ec2:il-central-1:912466608750:key-pair/k8s-kubeadm-key",
            "fingerprint": "04:87:9e:a1:c5:82:f5:61:99:f9:98:2d:39:81:a1:d3",
            "id": "k8s-kubeadm-key",
            "key_name": "k8s-kubeadm-key",
            "key_name_prefix": "",
            "key_pair_id": "key-0ed25b07482941628",
            "key_type": "rsa",
            "public_key": "ssh-rsa AAAAB3NzaC1yc2EAAAADAQABAAACAQDWG6+Mr1iE/u8/KWV8ZdTir7m2A84VrUWgeiGIbvh0E30ku6YE01XowDkRV8d0ZCudfCmOloZVCFXYmhUZXr409+BdG8iCVL5Ez0eYZaiqoy75RgCA4XEc0bs+64+pSjYl88X9X8EgoFoIjh2PSaerCNq2MNPxsehf66pcm//M1vxi2n6ZMwXAReZoWl3sE9keXL2KKgiLk2r4EvzqLtIkmYKFafHkv6Ymg8v83j9CTMxq4PIx9tcpuFXH19oByRp0AnE9cx2ASV7VlbINQLwOVlCydYFOPZZuXxfpaPXIqXt6vZE9j4FXLMJtKv8/OVsbFANL7RzmsrrJt2G++SWxys7mYih3g3D0RTTv51AMFhLXV5GGs4DMrRJfpV/ZqQ5boE76xzmSnmk/jrFDbHUtdCIDcHMre8xU7Zh6UcGHpTsEFfk7qdHPFehDhZIvhFvrrZnHYUon7Jd4fKKTaGLtpeB/8k0jveCL2mLfKFjdg4e+BjOIV+DgquFfF1+l8oH/RNFc0HMMD8/62YuZoPIA/mtQn4vb0bascWWfi+UIYWSAQZBWGTeDnQSrtpEEsMke+qe6SVK+hT8PSEjwNUxISelOoCBpnQ38YSM4ec/kzcc74/xEaB/hc2ejBofKb6W54l7KOuv80gYeroMT23L7AnKzj75JI0+OK/T4hQ4+jQ==",
            "tags": null,
            "tags_all": {}
          },
          "sensitive_attributes": [],
          "private": "eyJzY2hlbWFfdmVyc2lvbiI6IjEifQ==",
          "dependencies": [
            "tls_private_key.tls_private_key"
          ]
        }
      ]
    },
    {
      "mode": "managed",
      "type": "aws_lb",
      "name": "main",
      "provider": "provider[\"registry.terraform.io/hashicorp/aws\"]",
      "instances": [
        {
          "schema_version": 0,
          "attributes": {
            "access_logs": [
              {
                "bucket": "",
                "enabled": false,
                "prefix": ""
              }
            ],
            "arn": "arn:aws:elasticloadbalancing:il-central-1:912466608750:loadbalancer/net/k8s-kubeadm-nlb/4525946d71bd891f",
            "arn_suffix": "net/k8s-kubeadm-nlb/4525946d71bd891f",
            "client_keep_alive": null,
            "connection_logs": [],
            "customer_owned_ipv4_pool": "",
            "desync_mitigation_mode": null,
            "dns_name": "k8s-kubeadm-nlb-4525946d71bd891f.elb.il-central-1.amazonaws.com",
            "dns_record_client_routing_policy": "any_availability_zone",
            "drop_invalid_header_fields": null,
            "enable_cross_zone_load_balancing": false,
            "enable_deletion_protection": false,
            "enable_http2": null,
            "enable_tls_version_and_cipher_suite_headers": null,
            "enable_waf_fail_open": null,
            "enable_xff_client_port": null,
            "enforce_security_group_inbound_rules_on_private_link_traffic": "",
            "id": "arn:aws:elasticloadbalancing:il-central-1:912466608750:loadbalancer/net/k8s-kubeadm-nlb/4525946d71bd891f",
            "idle_timeout": null,
            "internal": false,
            "ip_address_type": "ipv4",
            "load_balancer_type": "network",
            "name": "k8s-kubeadm-nlb",
            "name_prefix": "",
            "preserve_host_header": null,
            "security_groups": [],
            "subnet_mapping": [
              {
                "allocation_id": "",
                "ipv6_address": "",
                "outpost_id": "",
                "private_ipv4_address": "",
                "subnet_id": "subnet-09b1d364f429618b4"
              }
            ],
            "subnets": [
              "subnet-09b1d364f429618b4"
            ],
            "tags": {
              "Name": "k8s-kubeadm-nlb"
            },
            "tags_all": {
              "Name": "k8s-kubeadm-nlb"
            },
            "timeouts": null,
            "vpc_id": "vpc-0e294875ae56cb4e0",
            "xff_header_processing_mode": null,
            "zone_id": "Z0313266YDI6ZRHTGQY4"
          },
          "sensitive_attributes": [],
          "private": "eyJlMmJmYjczMC1lY2FhLTExZTYtOGY4OC0zNDM2M2JjN2M0YzAiOnsiY3JlYXRlIjo2MDAwMDAwMDAwMDAsImRlbGV0ZSI6NjAwMDAwMDAwMDAwLCJ1cGRhdGUiOjYwMDAwMDAwMDAwMH19",
          "dependencies": [
            "aws_subnet.main",
            "aws_vpc.main"
          ]
        }
      ]
    },
    {
      "mode": "managed",
      "type": "aws_lb_listener",
      "name": "main",
      "provider": "provider[\"registry.terraform.io/hashicorp/aws\"]",
      "instances": [
        {
          "schema_version": 0,
          "attributes": {
            "alpn_policy": null,
            "arn": "arn:aws:elasticloadbalancing:il-central-1:912466608750:listener/net/k8s-kubeadm-nlb/4525946d71bd891f/473ffc4f8ba9ba5d",
            "certificate_arn": null,
            "default_action": [
              {
                "authenticate_cognito": [],
                "authenticate_oidc": [],
                "fixed_response": [],
                "forward": [],
                "order": 1,
                "redirect": [],
                "target_group_arn": "arn:aws:elasticloadbalancing:il-central-1:912466608750:targetgroup/k8s-kubeadm-tg/be40c7ae596639be",
                "type": "forward"
              }
            ],
            "id": "arn:aws:elasticloadbalancing:il-central-1:912466608750:listener/net/k8s-kubeadm-nlb/4525946d71bd891f/473ffc4f8ba9ba5d",
            "load_balancer_arn": "arn:aws:elasticloadbalancing:il-central-1:912466608750:loadbalancer/net/k8s-kubeadm-nlb/4525946d71bd891f",
            "mutual_authentication": [],
            "port": 6443,
            "protocol": "TCP",
            "ssl_policy": "",
            "tags": null,
            "tags_all": {},
            "timeouts": null
          },
          "sensitive_attributes": [],
          "private": "eyJlMmJmYjczMC1lY2FhLTExZTYtOGY4OC0zNDM2M2JjN2M0YzAiOnsiY3JlYXRlIjozMDAwMDAwMDAwMDAsInVwZGF0ZSI6MzAwMDAwMDAwMDAwfX0=",
          "dependencies": [
            "aws_lb.main",
            "aws_lb_target_group.main",
            "aws_subnet.main",
            "aws_vpc.main"
          ]
        }
      ]
    },
    {
      "mode": "managed",
      "type": "aws_lb_target_group",
      "name": "main",
      "provider": "provider[\"registry.terraform.io/hashicorp/aws\"]",
      "instances": [
        {
          "schema_version": 0,
          "attributes": {
            "arn": "arn:aws:elasticloadbalancing:il-central-1:912466608750:targetgroup/k8s-kubeadm-tg/be40c7ae596639be",
            "arn_suffix": "targetgroup/k8s-kubeadm-tg/be40c7ae596639be",
            "connection_termination": false,
            "deregistration_delay": "300",
            "health_check": [
              {
                "enabled": true,
                "healthy_threshold": 3,
                "interval": 30,
                "matcher": "200-399",
                "path": "/",
                "port": "6443",
                "protocol": "HTTP",
                "timeout": 6,
                "unhealthy_threshold": 3
              }
            ],
            "id": "arn:aws:elasticloadbalancing:il-central-1:912466608750:targetgroup/k8s-kubeadm-tg/be40c7ae596639be",
            "ip_address_type": "ipv4",
            "lambda_multi_value_headers_enabled": false,
            "load_balancer_arns": [],
            "load_balancing_algorithm_type": null,
            "load_balancing_anomaly_mitigation": null,
            "load_balancing_cross_zone_enabled": "use_load_balancer_configuration",
            "name": "k8s-kubeadm-tg",
            "name_prefix": "",
            "port": 6443,
            "preserve_client_ip": "true",
            "protocol": "TCP",
            "protocol_version": null,
            "proxy_protocol_v2": false,
            "slow_start": 0,
            "stickiness": [
              {
                "cookie_duration": 0,
                "cookie_name": "",
                "enabled": false,
                "type": "source_ip"
              }
            ],
            "tags": {
              "Name": "k8s-kubeadm-tg"
            },
            "tags_all": {
              "Name": "k8s-kubeadm-tg"
            },
            "target_failover": [
              {
                "on_deregistration": null,
                "on_unhealthy": null
              }
            ],
            "target_group_health": [
              {
                "dns_failover": [
                  {
                    "minimum_healthy_targets_count": "1",
                    "minimum_healthy_targets_percentage": "off"
                  }
                ],
                "unhealthy_state_routing": [
                  {
                    "minimum_healthy_targets_count": 1,
                    "minimum_healthy_targets_percentage": "off"
                  }
                ]
              }
            ],
            "target_health_state": [
              {
                "enable_unhealthy_connection_termination": true,
                "unhealthy_draining_interval": 0
              }
            ],
            "target_type": "instance",
            "vpc_id": "vpc-0e294875ae56cb4e0"
          },
          "sensitive_attributes": [],
          "private": "bnVsbA==",
          "dependencies": [
            "aws_vpc.main"
          ]
        }
      ]
    },
    {
      "mode": "managed",
      "type": "aws_main_route_table_association",
      "name": "main",
      "provider": "provider[\"registry.terraform.io/hashicorp/aws\"]",
      "instances": [
        {
          "schema_version": 0,
          "attributes": {
            "id": "rtbassoc-097a9f4870a4c6e6b",
            "original_route_table_id": "rtb-0e3ba902a614a3b6f",
            "route_table_id": "rtb-0b2bbbe8e3b846f4b",
            "timeouts": null,
            "vpc_id": "vpc-0e294875ae56cb4e0"
          },
          "sensitive_attributes": [],
          "private": "eyJlMmJmYjczMC1lY2FhLTExZTYtOGY4OC0zNDM2M2JjN2M0YzAiOnsiY3JlYXRlIjozMDAwMDAwMDAwMDAsImRlbGV0ZSI6MzAwMDAwMDAwMDAwLCJ1cGRhdGUiOjEyMDAwMDAwMDAwMH19",
          "dependencies": [
            "aws_internet_gateway.main",
            "aws_route_table.main",
            "aws_vpc.main"
          ]
        }
      ]
    },
    {
      "mode": "managed",
      "type": "aws_route_table",
      "name": "main",
      "provider": "provider[\"registry.terraform.io/hashicorp/aws\"]",
      "instances": [
        {
          "schema_version": 0,
          "attributes": {
            "arn": "arn:aws:ec2:il-central-1:912466608750:route-table/rtb-0b2bbbe8e3b846f4b",
            "id": "rtb-0b2bbbe8e3b846f4b",
            "owner_id": "912466608750",
            "propagating_vgws": [],
            "route": [
              {
                "carrier_gateway_id": "",
                "cidr_block": "0.0.0.0/0",
                "core_network_arn": "",
                "destination_prefix_list_id": "",
                "egress_only_gateway_id": "",
                "gateway_id": "igw-0018fe3ee90d96fd2",
                "ipv6_cidr_block": "",
                "local_gateway_id": "",
                "nat_gateway_id": "",
                "network_interface_id": "",
                "transit_gateway_id": "",
                "vpc_endpoint_id": "",
                "vpc_peering_connection_id": ""
              }
            ],
            "tags": {
              "Name": "k8s-kubeadm-rt"
            },
            "tags_all": {
              "Name": "k8s-kubeadm-rt"
            },
            "timeouts": null,
            "vpc_id": "vpc-0e294875ae56cb4e0"
          },
          "sensitive_attributes": [],
          "private": "eyJlMmJmYjczMC1lY2FhLTExZTYtOGY4OC0zNDM2M2JjN2M0YzAiOnsiY3JlYXRlIjozMDAwMDAwMDAwMDAsImRlbGV0ZSI6MzAwMDAwMDAwMDAwLCJ1cGRhdGUiOjEyMDAwMDAwMDAwMH19",
          "dependencies": [
            "aws_internet_gateway.main",
            "aws_vpc.main"
          ]
        }
      ]
    },
    {
      "mode": "managed",
      "type": "aws_security_group",
      "name": "main",
      "provider": "provider[\"registry.terraform.io/hashicorp/aws\"]",
      "instances": [
        {
          "schema_version": 1,
          "attributes": {
            "arn": "arn:aws:ec2:il-central-1:912466608750:security-group/sg-045fe3e9f6a01d3d3",
            "description": "Managed by Terraform",
            "egress": [],
            "id": "sg-045fe3e9f6a01d3d3",
            "ingress": [],
            "name": "terraform-20241014091222155000000001",
            "name_prefix": "terraform-",
            "owner_id": "912466608750",
            "revoke_rules_on_delete": false,
            "tags": {
              "Name": "k8s-kubeadm-sg"
            },
            "tags_all": {
              "Name": "k8s-kubeadm-sg"
            },
            "timeouts": null,
            "vpc_id": "vpc-0e294875ae56cb4e0"
          },
          "sensitive_attributes": [],
          "private": "eyJlMmJmYjczMC1lY2FhLTExZTYtOGY4OC0zNDM2M2JjN2M0YzAiOnsiY3JlYXRlIjo2MDAwMDAwMDAwMDAsImRlbGV0ZSI6OTAwMDAwMDAwMDAwfSwic2NoZW1hX3ZlcnNpb24iOiIxIn0=",
          "dependencies": [
            "aws_vpc.main"
          ]
        }
      ]
    },
    {
      "mode": "managed",
      "type": "aws_subnet",
      "name": "main",
      "provider": "provider[\"registry.terraform.io/hashicorp/aws\"]",
      "instances": [
        {
          "schema_version": 1,
          "attributes": {
            "arn": "arn:aws:ec2:il-central-1:912466608750:subnet/subnet-09b1d364f429618b4",
            "assign_ipv6_address_on_creation": false,
            "availability_zone": "il-central-1a",
            "availability_zone_id": "ilc1-az1",
            "cidr_block": "10.0.1.0/24",
            "customer_owned_ipv4_pool": "",
            "enable_dns64": false,
            "enable_lni_at_device_index": 0,
            "enable_resource_name_dns_a_record_on_launch": false,
            "enable_resource_name_dns_aaaa_record_on_launch": false,
            "id": "subnet-09b1d364f429618b4",
            "ipv6_cidr_block": "",
            "ipv6_cidr_block_association_id": "",
            "ipv6_native": false,
            "map_customer_owned_ip_on_launch": false,
            "map_public_ip_on_launch": false,
            "outpost_arn": "",
            "owner_id": "912466608750",
            "private_dns_hostname_type_on_launch": "ip-name",
            "tags": {
              "Name": "k8s-kubeadm-subnet"
            },
            "tags_all": {
              "Name": "k8s-kubeadm-subnet"
            },
            "timeouts": null,
            "vpc_id": "vpc-0e294875ae56cb4e0"
          },
          "sensitive_attributes": [],
          "private": "eyJlMmJmYjczMC1lY2FhLTExZTYtOGY4OC0zNDM2M2JjN2M0YzAiOnsiY3JlYXRlIjo2MDAwMDAwMDAwMDAsImRlbGV0ZSI6MTIwMDAwMDAwMDAwMH0sInNjaGVtYV92ZXJzaW9uIjoiMSJ9",
          "dependencies": [
            "aws_vpc.main"
          ]
        }
      ]
    },
    {
      "mode": "managed",
      "type": "aws_vpc",
      "name": "main",
      "provider": "provider[\"registry.terraform.io/hashicorp/aws\"]",
      "instances": [
        {
          "schema_version": 1,
          "attributes": {
            "arn": "arn:aws:ec2:il-central-1:912466608750:vpc/vpc-0e294875ae56cb4e0",
            "assign_generated_ipv6_cidr_block": false,
            "cidr_block": "10.0.0.0/16",
            "default_network_acl_id": "acl-0940d1964176166e4",
            "default_route_table_id": "rtb-0e3ba902a614a3b6f",
            "default_security_group_id": "sg-0216f4fc76f300365",
            "dhcp_options_id": "dopt-0a676fda13fadb75a",
            "enable_dns_hostnames": false,
            "enable_dns_support": true,
            "enable_network_address_usage_metrics": false,
            "id": "vpc-0e294875ae56cb4e0",
            "instance_tenancy": "default",
            "ipv4_ipam_pool_id": null,
            "ipv4_netmask_length": null,
            "ipv6_association_id": "",
            "ipv6_cidr_block": "",
            "ipv6_cidr_block_network_border_group": "",
            "ipv6_ipam_pool_id": "",
            "ipv6_netmask_length": 0,
            "main_route_table_id": "rtb-0e3ba902a614a3b6f",
            "owner_id": "912466608750",
            "tags": {
              "Name": "k8s-kubeadm"
            },
            "tags_all": {
              "Name": "k8s-kubeadm"
            }
          },
          "sensitive_attributes": [],
          "private": "eyJzY2hlbWFfdmVyc2lvbiI6IjEifQ=="
        }
      ]
    },
    {
      "mode": "managed",
      "type": "aws_vpc_security_group_egress_rule",
      "name": "egress",
      "provider": "provider[\"registry.terraform.io/hashicorp/aws\"]",
      "instances": [
        {
          "schema_version": 0,
          "attributes": {
            "arn": "arn:aws:ec2:il-central-1:912466608750:security-group-rule/sgr-041913f8c74cb690d",
            "cidr_ipv4": "0.0.0.0/0",
            "cidr_ipv6": null,
            "description": null,
            "from_port": null,
            "id": "sgr-041913f8c74cb690d",
            "ip_protocol": "-1",
            "prefix_list_id": null,
            "referenced_security_group_id": null,
            "security_group_id": "sg-045fe3e9f6a01d3d3",
            "security_group_rule_id": "sgr-041913f8c74cb690d",
            "tags": null,
            "tags_all": {},
            "to_port": null
          },
          "sensitive_attributes": [],
          "dependencies": [
            "aws_security_group.main",
            "aws_vpc.main"
          ]
        }
      ]
    },
    {
      "mode": "managed",
      "type": "aws_vpc_security_group_ingress_rule",
      "name": "https",
      "provider": "provider[\"registry.terraform.io/hashicorp/aws\"]",
      "instances": [
        {
          "schema_version": 0,
          "attributes": {
            "arn": "arn:aws:ec2:il-central-1:912466608750:security-group-rule/sgr-0ef7c8eff3fb1ebb4",
            "cidr_ipv4": "77.139.204.87/32",
            "cidr_ipv6": null,
            "description": null,
            "from_port": 443,
            "id": "sgr-0ef7c8eff3fb1ebb4",
            "ip_protocol": "tcp",
            "prefix_list_id": null,
            "referenced_security_group_id": null,
            "security_group_id": "sg-045fe3e9f6a01d3d3",
            "security_group_rule_id": "sgr-0ef7c8eff3fb1ebb4",
            "tags": null,
            "tags_all": {},
            "to_port": 443
          },
          "sensitive_attributes": [],
          "dependencies": [
            "aws_security_group.main",
            "aws_vpc.main",
            "data.http.myip"
          ]
        }
      ]
    },
    {
      "mode": "managed",
      "type": "aws_vpc_security_group_ingress_rule",
      "name": "icmp",
      "provider": "provider[\"registry.terraform.io/hashicorp/aws\"]",
      "instances": [
        {
          "schema_version": 0,
          "attributes": {
            "arn": "arn:aws:ec2:il-central-1:912466608750:security-group-rule/sgr-02a25c336e8f495e0",
            "cidr_ipv4": "77.139.204.87/32",
            "cidr_ipv6": null,
            "description": null,
            "from_port": -1,
            "id": "sgr-02a25c336e8f495e0",
            "ip_protocol": "icmp",
            "prefix_list_id": null,
            "referenced_security_group_id": null,
            "security_group_id": "sg-045fe3e9f6a01d3d3",
            "security_group_rule_id": "sgr-02a25c336e8f495e0",
            "tags": null,
            "tags_all": {},
            "to_port": -1
          },
          "sensitive_attributes": [],
          "dependencies": [
            "aws_security_group.main",
            "aws_vpc.main",
            "data.http.myip"
          ]
        }
      ]
    },
    {
      "mode": "managed",
      "type": "aws_vpc_security_group_ingress_rule",
      "name": "k8s_api",
      "provider": "provider[\"registry.terraform.io/hashicorp/aws\"]",
      "instances": [
        {
          "schema_version": 0,
          "attributes": {
            "arn": "arn:aws:ec2:il-central-1:912466608750:security-group-rule/sgr-0d08dee923a30224a",
            "cidr_ipv4": "77.139.204.87/32",
            "cidr_ipv6": null,
            "description": null,
            "from_port": 6443,
            "id": "sgr-0d08dee923a30224a",
            "ip_protocol": "tcp",
            "prefix_list_id": null,
            "referenced_security_group_id": null,
            "security_group_id": "sg-045fe3e9f6a01d3d3",
            "security_group_rule_id": "sgr-0d08dee923a30224a",
            "tags": null,
            "tags_all": {},
            "to_port": 6443
          },
          "sensitive_attributes": [],
          "dependencies": [
            "aws_security_group.main",
            "aws_vpc.main",
            "data.http.myip"
          ]
        }
      ]
    },
    {
      "mode": "managed",
      "type": "aws_vpc_security_group_ingress_rule",
      "name": "pod_network_cidr",
      "provider": "provider[\"registry.terraform.io/hashicorp/aws\"]",
      "instances": [
        {
          "schema_version": 0,
          "attributes": {
            "arn": "arn:aws:ec2:il-central-1:912466608750:security-group-rule/sgr-0469f387a5616dd1c",
            "cidr_ipv4": "192.168.0.0/16",
            "cidr_ipv6": null,
            "description": null,
            "from_port": null,
            "id": "sgr-0469f387a5616dd1c",
            "ip_protocol": "all",
            "prefix_list_id": null,
            "referenced_security_group_id": null,
            "security_group_id": "sg-045fe3e9f6a01d3d3",
            "security_group_rule_id": "sgr-0469f387a5616dd1c",
            "tags": null,
            "tags_all": {},
            "to_port": null
          },
          "sensitive_attributes": [],
          "dependencies": [
            "aws_security_group.main",
            "aws_vpc.main"
          ]
        }
      ]
    },
    {
      "mode": "managed",
      "type": "aws_vpc_security_group_ingress_rule",
      "name": "ssh",
      "provider": "provider[\"registry.terraform.io/hashicorp/aws\"]",
      "instances": [
        {
          "schema_version": 0,
          "attributes": {
            "arn": "arn:aws:ec2:il-central-1:912466608750:security-group-rule/sgr-040c760bed5e58902",
            "cidr_ipv4": "77.139.204.87/32",
            "cidr_ipv6": null,
            "description": null,
            "from_port": 22,
            "id": "sgr-040c760bed5e58902",
            "ip_protocol": "tcp",
            "prefix_list_id": null,
            "referenced_security_group_id": null,
            "security_group_id": "sg-045fe3e9f6a01d3d3",
            "security_group_rule_id": "sgr-040c760bed5e58902",
            "tags": null,
            "tags_all": {},
            "to_port": 22
          },
          "sensitive_attributes": [],
          "dependencies": [
            "aws_security_group.main",
            "aws_vpc.main",
            "data.http.myip"
          ]
        }
      ]
    },
    {
      "mode": "managed",
      "type": "aws_vpc_security_group_ingress_rule",
      "name": "vpc_cidr",
      "provider": "provider[\"registry.terraform.io/hashicorp/aws\"]",
      "instances": [
        {
          "schema_version": 0,
          "attributes": {
            "arn": "arn:aws:ec2:il-central-1:912466608750:security-group-rule/sgr-0f118ceca28817ac0",
            "cidr_ipv4": "10.0.0.0/16",
            "cidr_ipv6": null,
            "description": null,
            "from_port": null,
            "id": "sgr-0f118ceca28817ac0",
            "ip_protocol": "all",
            "prefix_list_id": null,
            "referenced_security_group_id": null,
            "security_group_id": "sg-045fe3e9f6a01d3d3",
            "security_group_rule_id": "sgr-0f118ceca28817ac0",
            "tags": null,
            "tags_all": {},
            "to_port": null
          },
          "sensitive_attributes": [],
          "dependencies": [
            "aws_security_group.main",
            "aws_vpc.main"
          ]
        }
      ]
    },
    {
      "mode": "managed",
      "type": "local_file",
      "name": "ec2_controller_provision_script",
      "provider": "provider[\"registry.terraform.io/hashicorp/local\"]",
      "instances": [
        {
          "schema_version": 0,
          "attributes": {
            "content": "#!/bin/bash\nsudo mkdir -p -m 755 /etc/apt/keyrings\nrelease=$(lsb_release -cs)\ncurl -fsSL https://download.docker.com/linux/ubuntu/gpg | sudo apt-key add -\nsudo add-apt-repository \"deb [arch=amd64] https://download.docker.com/linux/ubuntu $release stable\"\ncurl -fsSL https://pkgs.k8s.io/core:/stable:/v1.31/deb/Release.key | sudo gpg --dearmor -o /etc/apt/keyrings/kubernetes-apt-keyring.gpg\necho 'deb [signed-by=/etc/apt/keyrings/kubernetes-apt-keyring.gpg] https://pkgs.k8s.io/core:/stable:/v1.31/deb/ /' | sudo tee /etc/apt/sources.list.d/kubernetes.list\ncurl https://baltocdn.com/helm/signing.asc | gpg --dearmor | sudo tee /etc/apt/keyrings/helm.gpg \u003e /dev/null\necho \"deb [arch=$(dpkg --print-architecture) signed-by=/etc/apt/keyrings/helm.gpg] https://baltocdn.com/helm/stable/debian/ all main\" | sudo tee /etc/apt/sources.list.d/helm-stable-debian.list\nsudo apt-get update\nwhile fuser /var/lib/apt/lists/lock \u003e/dev/null 2\u003e\u00261; do echo 'Waiting for apt lock...'; sleep 20; done\nwhile fuser /var/lib/dpkg/lock-frontend \u003e/dev/null 2\u003e\u00261; do echo 'Waiting for dpkg lock...'; sleep 20; done\nsudo apt-get install -y apt-transport-https ca-certificates curl software-properties-common gnupg kubelet kubeadm kubectl helm docker.io -y\nsudo usermod -aG docker ubuntu       \nsudo apt-mark hold kubelet kubeadm kubectl\nsudo systemctl enable docker.service\nsudo systemctl enable kubelet.service\nsudo systemctl start docker.service\nsudo systemctl start kubelet.service\nmkdir -p /home/ubuntu/.kube\necho 'alias k=$(which kubectl)' \u003e\u003e~/.bashrc\necho 'complete -F __start_kubectl k' \u003e\u003e~/.bashrc\nkubectl completion bash | sudo tee /etc/bash_completion.d/kubectl \u003e /dev/null\nsource ~/.bashrc\n",
            "content_base64": null,
            "content_base64sha256": "/aHu3ZnZ4BoOtvzILR+62QvVfyTtVhI704OPnZeYYkk=",
            "content_base64sha512": "rtVNf1jXPn96bPPnZf0bhOGVbDw/+8blne1jgkq+NgYVblShMhwNjnEf+BLc/5KLOLwCEfp0UeJngaJtzhwjhA==",
            "content_md5": "c239911f330388a1e9678602482db204",
            "content_sha1": "5efea14170350cbe22ab7dc1b2049ead59f50d2f",
            "content_sha256": "fda1eedd99d9e01a0eb6fcc82d1fbad90bd57f24ed56123bd3838f9d97986249",
            "content_sha512": "aed54d7f58d73e7f7a6cf3e765fd1b84e1956c3c3ffbc6e59ded63824abe3606156e54a1321c0d8e711ff812dcff928b38bc0211fa7451e26781a26dce1c2384",
            "directory_permission": "0777",
            "file_permission": "0777",
            "filename": "/tmp/controller_provision.sh",
            "id": "5efea14170350cbe22ab7dc1b2049ead59f50d2f",
            "sensitive_content": null,
            "source": null
          },
          "sensitive_attributes": [
            [
              {
                "type": "get_attr",
                "value": "sensitive_content"
              }
            ]
          ]
        }
      ]
    },
    {
      "mode": "managed",
      "type": "local_file",
      "name": "ec2_worker_provision_script",
      "provider": "provider[\"registry.terraform.io/hashicorp/local\"]",
      "instances": [
        {
          "schema_version": 0,
          "attributes": {
            "content": "#!/bin/bash\nsudo apt-get update\nsudo mkdir -p -m 755 /etc/apt/keyrings\ncurl -fsSL https://pkgs.k8s.io/core:/stable:/v1.31/deb/Release.key | sudo gpg --dearmor -o /etc/apt/keyrings/kubernetes-apt-keyring.gpg\necho 'deb [signed-by=/etc/apt/keyrings/kubernetes-apt-keyring.gpg] https://pkgs.k8s.io/core:/stable:/v1.31/deb/ /' | sudo tee /etc/apt/sources.list.d/kubernetes.list\nwhile fuser /var/lib/apt/lists/lock \u003e/dev/null 2\u003e\u00261; do echo 'Waiting for apt lock...'; sleep 20; done\nwhile fuser /var/lib/dpkg/lock-frontend \u003e/dev/null 2\u003e\u00261; do echo 'Waiting for dpkg lock...'; sleep 20; done\nsudo apt-get install -y apt-transport-https ca-certificates curl software-properties-common\ncurl -fsSL https://download.docker.com/linux/ubuntu/gpg | sudo apt-key add -\nrelease=$(lsb_release -cs)\nsudo add-apt-repository \"deb [arch=amd64] https://download.docker.com/linux/ubuntu $release stable\"\nsudo apt-get update\nwhile fuser /var/lib/apt/lists/lock \u003e/dev/null 2\u003e\u00261; do echo 'Waiting for apt lock...'; sleep 20; done\nwhile fuser /var/lib/dpkg/lock-frontend \u003e/dev/null 2\u003e\u00261; do echo 'Waiting for dpkg lock...'; sleep 20; done\nsudo apt-get install docker.io -y\nsudo usermod -aG docker ubuntu\nsudo apt-get install -y apt-transport-https ca-certificates curl gnupg\nwhile fuser /var/lib/apt/lists/lock \u003e/dev/null 2\u003e\u00261; do echo 'Waiting for apt lock...'; sleep 20; done\nwhile fuser /var/lib/dpkg/lock-frontend \u003e/dev/null 2\u003e\u00261; do echo 'Waiting for dpkg lock...'; sleep 20; done       \nsudo apt-get install -y kubelet kubeadm kubectl\nsudo apt-mark hold kubelet kubeadm kubectl\nsudo systemctl enable docker.service\nsudo systemctl enable kubelet.service\nsudo systemctl start docker.service\nsudo systemctl start kubelet.service\n",
            "content_base64": null,
            "content_base64sha256": "Kd6+FHMG7uuOxIABNSRumY56NOOZ9OdCIKaZGZCphOo=",
            "content_base64sha512": "19286A/kA3Z8iA6AgC0jvJVt8Gi9z770fNO6hGUnSF45ClnX6l9sW+pH7Zb7iEx1X9Xe9hfgDSmaQb472hlZpg==",
            "content_md5": "4f2fd2a280a5e94c795c37985b7d2946",
            "content_sha1": "cc82ecdd95f97163f15a44e015324bcc145e023e",
            "content_sha256": "29debe147306eeeb8ec4800135246e998e7a34e399f4e74220a6991990a984ea",
            "content_sha512": "d7ddbce80fe403767c880e80802d23bc956df068bdcfbef47cd3ba846527485e390a59d7ea5f6c5bea47ed96fb884c755fd5def617e00d299a41be3bda1959a6",
            "directory_permission": "0777",
            "file_permission": "0777",
            "filename": "/tmp/worker_provision.sh",
            "id": "cc82ecdd95f97163f15a44e015324bcc145e023e",
            "sensitive_content": null,
            "source": null
          },
          "sensitive_attributes": [
            [
              {
                "type": "get_attr",
                "value": "sensitive_content"
              }
            ]
          ]
        }
      ]
    },
    {
      "mode": "managed",
      "type": "local_file",
      "name": "key_pair",
      "provider": "provider[\"registry.terraform.io/hashicorp/local\"]",
      "instances": [
        {
          "schema_version": 0,
          "attributes": {
            "content": "-----BEGIN RSA PRIVATE KEY-----\nMIIJJwIBAAKCAgEA1huvjK9YhP7vPyllfGXU4q+5tgPOFa1FoHohiG74dBN9JLum\nBNNV6MA5EVfHdGQrnXwpjpaGVQhV2JoVGV6+NPfgXRvIglS+RM9HmGWoqqMu+UYA\ngOFxHNG7PuuPqUo2JfPF/V/BIKBaCI4dj0mnqwjatjDT8bHoX+uqXJv/zNb8Ytp+\nmTMFwEXmaFpd7BPZHly9iioIi5Nq+BL86i7SJJmChWnx5L+mJoPL/N4/QkzMauDy\nMfbXKbhVx9faAckadAJxPXMdgEle1ZWyDUC8DlZQsnWBTj2Wbl8X6Wj1yKl7er2R\nPY+BVyzCbSr/PzlbGxQDS+0c5rK6ybdhvvklscrO5mIod4Nw9EU07+dQDBYS11eR\nhrOAzK0SX6Vf2akOW6BO+sc5kp5pP46xQ2x1LXQiA3BzK3vMVO2YelHBh6U7BBX5\nO6nRzxXoQ4WSL4Rb662Zx2FKJ+yXeHyik2hi7aXgf/JNI73gi9pi3yhY3YOHvgYz\niFfg4KrhXxdfpfKB/0TRXNBzDA/P+tmLmaDyAP5rUJ+L29G2rHFln4vlCGFkgEGQ\nVhk3g50Eq7aRBLDJHvqnuklSvoU/D0hI8DVMSEnpTqAgaZ0N/GEjOHnP5M3HO+P8\nRGgf4XNnowaHym+lueJeyjrr/NIGHq6DE9ty+wJys4++SSNPjiv0+IUOPo0CAwEA\nAQKCAgBn3SZb6PPYEJOe4EYLApszHGvKkC349gVAw/5gYPTF2m5q01zGGn8iWZ1V\nfG+VVsKRsxm1we+IcHK0kIqLtBoxN83vXPr3voROfP8OPsKDhIXVBtBXtQVaJaPf\n8gXO6eE6p/bz4u+dFCyY2dgdGm3r2m++0hD+vn8riPcr1cFRbTkh+zxOtSGlFEOh\ne7T0QOyiffq0e4+JpgnOLefi8rOebZmTfsGJZi8DoAvkryugzgCcGGNlOYlHA9UZ\nDO0E0Lm0bTrhxGYbRXxrwCKPq0eO7PBYoggIHHhNMnQ3FmOk5BKyiCNc6bCkyWHH\n84O+9+PqTtsKigvrHeje0cbpDZPquDTY8T7y46tLGX133KO37cKMRHSiKKuVEOhF\nnyNeoOu4vDtKZpwWJgbnGtKgAfg71nERrYu/Pal+Dx5+ccd/WqZJIUagbKADdeyX\nF/5o+yYeR0qY8R8WqAA4RV333WrmTxJ/0gxkdoRZYNW+nYgwrP/wxfEJf/77wAKq\nFeJd9IyVFk23dNvkhFYaG891cAWC9Nv5D+4Bc+zeWkvEnmSu8y/2Uvz5DXuwvMbh\nfdAbx6f99E2aZetQ9wjvu2x+OPHJbzyQ7K2nVKAh6mtt52yL6rtRDTdetMJG3kBw\nczsoHthjbuADBByH9M63ft4r4Cpr+oD29Tv8RMg8OVGY9cn5QQKCAQEA3lk0NYbb\nfXOu3ac1wQM5hBV3dKV6JB+USvSRG1P7JK+nS7zOIYdqWcI8/jdr75a9+mBZ0Aae\nel7XlOGtMJMARWZLfYhGOqjIyO3U0vbOBMZwvBcYortE2795bH5TT7X/AKC3q0lm\n7Gmbo+NS4g1P7z98c4RPMdvTJwGj2qYZ5Z98ryK9xQ3koaG4c1kPQsw1IcfIK5YB\no23RKsBtLi/pmQMaCpDdaz+Zo83gL0XGpDfWADRjYaKCGOFG1fJiSjFn+ekGAkxb\nK9Al9QXdy0/8eup0Wk8wwlxeW/IRtHwKo03Ef5VcA5c9XfQpunG66ibF6xC2Juf8\n0CxQuxHmhNjvjwKCAQEA9oM29OjzvZjqqhf1dlf+nur/t6AcTMn7uqYxbT5DO8BJ\nEtTb2dKmgwiQJI+HL18IapQeG1sOBmHMxRgX2mbzUqTkVt1tGRfjd36DykTLU2Zg\n8GiG1tgBByAko3s86aCpox3oMUWFZQqWPhtRHKA2s3S5FjaBzfSYifEsB6wd96ut\nNOcR8l+q173s9u8FBnM0Iv4fWse3owZbq1CPLQ+V5Ny/u6yIL0hzoe4EDOKtj06h\nhPyP0qRT2lBUVDh1I0ctWVugy7S3dW7fOiWpYNr3+7XGkTWtYbrJTcUSIN2ItD80\nEjxWmw4MOtAFl8ZHDCyLX21x1CKOzHdc3WK62OOiIwKCAQBoI7GfTF1rAY6qRBGa\nKA99PKypVoPBfYTwImIAQbJD+X1KrNCCxbDa/22fx4dnPNwX8569HwyE1fz0v0pl\nkMQ0vPeogPYbrUf1S+c9M9lERUkx30NrnHhgz+poFTaiA+S+f4fm0sdA/SmndeYw\n9/kzXjHEzPhmqsXX5B3BX8CLWsqEIKpvK9WkmmEQrWrHZ2uPOcoYF/cGe33XHy9D\nza8EOn6s6jK6c5xbKybQHUcvTPOPPvo5FWsHiiOqOw8sHr3LQAfPdcHR4HiWrTu3\naOwhCcSbM7HrpmWPfO4r8VjuKZNaCjOBfwmAAsa0i2X3G1fhg/88c7VmLwtUwsqL\n+CsjAoIBACbf1GfU4LMyjTcbpiLuh4HKL19myW+2npL1qG/A1Nt0XFGy7aSxGn8p\nd4m8dKYcx3f/Oaw4tMJ+48rlHMXdXFvZEwU7z/uYD9AFTIU2ShYx2/Gtmi4BTFAy\nWnTJd3akVnwZuEck3n9rpvvOVQE9psKwEowVNm0jOHbwaHAhTWyET0E7e1IMkiWJ\nlvfuA43b1wn5pzoqqqPz2brvblS903aO9VGESMmkFFAh99OMX7Bsxv3w0kF2lp6j\n8liBur9Adz9TOs1FB3VmcZ961vYmMdso9FJr85ao3Rv9ivlR1kAOg4ioqUO0eGtB\n6M/hfczGrYfz+3JnrLtDy4pCCpMvep8CggEAB990eU0dC8s60I7chhcoR2RlalKb\nCgOKuPMl4DarnUAxn/VlkbQSqy06ZYGHNulu4fch3eGAmCtZYwRFfqYvIs+HhX6J\nvTw6kBojPOvCaXZcCpeXXYvL4BabVXiz17zQQ7uf4qAClOb4R7NDVhPa61pMziGA\npfBzktTldNxnaYmIrqZUCW5qfwafKHOYLt14pU9DOFsnCC77ayp6Mb6RB9BCVNCT\nZHU4QZB3Yhf2/GbKbCX5xdM79aAAzeXUfxa8doJw5V/H6EDbbYqRzXejAC4FeEcI\nNNdG4mfRpHIi68a0VyrdjRJkRbLCSmo0UlBBHf9pF1MR+J0XbQ8vzgWBJw==\n-----END RSA PRIVATE KEY-----\n",
            "content_base64": null,
            "content_base64sha256": "JcNfUL/ULE5CK2k9Fs3jHLNpUzyZKMLPBUx+k5F5g2I=",
            "content_base64sha512": "0LcBwOLsKGjWrUtfOQvZZGw7Jm+JPNh9OUfrfQSaW6FSszdoMGeT+bYidThMD4WOk4AU1ZOBKY/YDSsm1sf/IA==",
            "content_md5": "0976aa2a61ff76d6cda2c83381ef2c28",
            "content_sha1": "fc85fd6097a982b44124d467db3cd73323939ac8",
            "content_sha256": "25c35f50bfd42c4e422b693d16cde31cb369533c9928c2cf054c7e9391798362",
            "content_sha512": "d0b701c0e2ec2868d6ad4b5f390bd9646c3b266f893cd87d3947eb7d049a5ba152b33768306793f9b62275384c0f858e938014d59381298fd80d2b26d6c7ff20",
            "directory_permission": "0777",
            "file_permission": "0400",
            "filename": "/Users/itaig/.ssh/k8s-kubeadm-key.pem",
            "id": "fc85fd6097a982b44124d467db3cd73323939ac8",
            "sensitive_content": null,
            "source": null
          },
          "sensitive_attributes": [
            [
              {
                "type": "get_attr",
                "value": "content"
              }
            ],
            [
              {
                "type": "get_attr",
                "value": "sensitive_content"
              }
            ]
          ],
          "dependencies": [
            "aws_key_pair.key_pair",
            "tls_private_key.tls_private_key"
          ]
        }
      ]
    },
    {
      "mode": "managed",
      "type": "null_resource",
      "name": "kubeadm_init",
      "provider": "provider[\"registry.terraform.io/hashicorp/null\"]",
      "instances": [
        {
          "status": "tainted",
          "schema_version": 0,
          "attributes": {
            "id": "7603786474528572709",
            "triggers": {
              "instance_id": "i-0fa768389b07a21b1"
            }
          },
          "sensitive_attributes": [],
          "dependencies": [
            "aws_instance.controller",
            "aws_key_pair.key_pair",
            "aws_security_group.main",
            "aws_subnet.main",
            "aws_vpc.main",
            "data.aws_ami.ubuntu",
            "local_file.ec2_controller_provision_script",
            "local_file.key_pair",
            "null_resource.run_controller_provision_script",
            "null_resource.upload_controller_provision_script",
            "tls_private_key.tls_private_key"
          ]
        }
      ]
    },
    {
      "mode": "managed",
      "type": "null_resource",
      "name": "run_controller_provision_script",
      "provider": "provider[\"registry.terraform.io/hashicorp/null\"]",
      "instances": [
        {
          "index_key": 0,
          "schema_version": 0,
          "attributes": {
            "id": "1914053629412384134",
            "triggers": {
              "instance_ids": "i-0fa768389b07a21b1"
            }
          },
          "sensitive_attributes": [],
          "dependencies": [
            "aws_instance.controller",
            "aws_key_pair.key_pair",
            "aws_security_group.main",
            "aws_subnet.main",
            "aws_vpc.main",
            "data.aws_ami.ubuntu",
            "local_file.ec2_controller_provision_script",
            "local_file.key_pair",
            "null_resource.upload_controller_provision_script",
            "tls_private_key.tls_private_key"
          ]
        }
      ]
    },
    {
      "mode": "managed",
      "type": "null_resource",
      "name": "run_worker_provision_script",
      "provider": "provider[\"registry.terraform.io/hashicorp/null\"]",
      "instances": [
        {
          "index_key": 0,
          "schema_version": 0,
          "attributes": {
            "id": "5664183546600965590",
            "triggers": {
              "instance_ids": "i-02709abe2da9f0da0"
            }
          },
          "sensitive_attributes": [],
          "dependencies": [
            "aws_instance.controller",
            "aws_instance.worker",
            "aws_key_pair.key_pair",
            "aws_security_group.main",
            "aws_subnet.main",
            "aws_vpc.main",
            "data.aws_ami.ubuntu",
            "local_file.ec2_controller_provision_script",
            "local_file.ec2_worker_provision_script",
            "local_file.key_pair",
            "null_resource.upload_controller_provision_script",
            "null_resource.upload_worker_provision_script",
            "tls_private_key.tls_private_key"
          ]
        }
      ]
    },
    {
      "mode": "managed",
      "type": "null_resource",
      "name": "upload_controller_provision_script",
      "provider": "provider[\"registry.terraform.io/hashicorp/null\"]",
      "instances": [
        {
          "index_key": 0,
          "schema_version": 0,
          "attributes": {
            "id": "4498007611280178748",
            "triggers": {
              "instance_ids": "i-0fa768389b07a21b1"
            }
          },
          "sensitive_attributes": [],
          "dependencies": [
            "aws_instance.controller",
            "aws_key_pair.key_pair",
            "aws_security_group.main",
            "aws_subnet.main",
            "aws_vpc.main",
            "data.aws_ami.ubuntu",
            "local_file.ec2_controller_provision_script",
            "local_file.key_pair",
            "tls_private_key.tls_private_key"
          ]
        }
      ]
    },
    {
      "mode": "managed",
      "type": "null_resource",
      "name": "upload_worker_provision_script",
      "provider": "provider[\"registry.terraform.io/hashicorp/null\"]",
      "instances": [
        {
          "index_key": 0,
          "schema_version": 0,
          "attributes": {
            "id": "5038910590010745642",
            "triggers": {
              "instance_ids": "i-02709abe2da9f0da0"
            }
          },
          "sensitive_attributes": [],
          "dependencies": [
            "aws_instance.controller",
            "aws_instance.worker",
            "aws_key_pair.key_pair",
            "aws_security_group.main",
            "aws_subnet.main",
            "aws_vpc.main",
            "data.aws_ami.ubuntu",
            "local_file.ec2_controller_provision_script",
            "local_file.ec2_worker_provision_script",
            "local_file.key_pair",
            "null_resource.upload_controller_provision_script",
            "tls_private_key.tls_private_key"
          ]
        }
      ]
    },
    {
      "mode": "managed",
      "type": "tls_private_key",
      "name": "tls_private_key",
      "provider": "provider[\"registry.terraform.io/hashicorp/tls\"]",
      "instances": [
        {
          "schema_version": 1,
          "attributes": {
            "algorithm": "RSA",
            "ecdsa_curve": "P224",
            "id": "7a1511d5d02fb1fb9f577617608b1fddfa10e4a4",
            "private_key_openssh": "-----BEGIN OPENSSH PRIVATE KEY-----\nb3BlbnNzaC1rZXktdjEAAAAABG5vbmUAAAAEbm9uZQAAAAAAAAABAAACFwAAAAdz\nc2gtcnNhAAAAAwEAAQAAAgEA1huvjK9YhP7vPyllfGXU4q+5tgPOFa1FoHohiG74\ndBN9JLumBNNV6MA5EVfHdGQrnXwpjpaGVQhV2JoVGV6+NPfgXRvIglS+RM9HmGWo\nqqMu+UYAgOFxHNG7PuuPqUo2JfPF/V/BIKBaCI4dj0mnqwjatjDT8bHoX+uqXJv/\nzNb8Ytp+mTMFwEXmaFpd7BPZHly9iioIi5Nq+BL86i7SJJmChWnx5L+mJoPL/N4/\nQkzMauDyMfbXKbhVx9faAckadAJxPXMdgEle1ZWyDUC8DlZQsnWBTj2Wbl8X6Wj1\nyKl7er2RPY+BVyzCbSr/PzlbGxQDS+0c5rK6ybdhvvklscrO5mIod4Nw9EU07+dQ\nDBYS11eRhrOAzK0SX6Vf2akOW6BO+sc5kp5pP46xQ2x1LXQiA3BzK3vMVO2YelHB\nh6U7BBX5O6nRzxXoQ4WSL4Rb662Zx2FKJ+yXeHyik2hi7aXgf/JNI73gi9pi3yhY\n3YOHvgYziFfg4KrhXxdfpfKB/0TRXNBzDA/P+tmLmaDyAP5rUJ+L29G2rHFln4vl\nCGFkgEGQVhk3g50Eq7aRBLDJHvqnuklSvoU/D0hI8DVMSEnpTqAgaZ0N/GEjOHnP\n5M3HO+P8RGgf4XNnowaHym+lueJeyjrr/NIGHq6DE9ty+wJys4++SSNPjiv0+IUO\nPo0AAAc4vJ4XbbyeF20AAAAHc3NoLXJzYQAAAgEA1huvjK9YhP7vPyllfGXU4q+5\ntgPOFa1FoHohiG74dBN9JLumBNNV6MA5EVfHdGQrnXwpjpaGVQhV2JoVGV6+NPfg\nXRvIglS+RM9HmGWoqqMu+UYAgOFxHNG7PuuPqUo2JfPF/V/BIKBaCI4dj0mnqwja\ntjDT8bHoX+uqXJv/zNb8Ytp+mTMFwEXmaFpd7BPZHly9iioIi5Nq+BL86i7SJJmC\nhWnx5L+mJoPL/N4/QkzMauDyMfbXKbhVx9faAckadAJxPXMdgEle1ZWyDUC8DlZQ\nsnWBTj2Wbl8X6Wj1yKl7er2RPY+BVyzCbSr/PzlbGxQDS+0c5rK6ybdhvvklscrO\n5mIod4Nw9EU07+dQDBYS11eRhrOAzK0SX6Vf2akOW6BO+sc5kp5pP46xQ2x1LXQi\nA3BzK3vMVO2YelHBh6U7BBX5O6nRzxXoQ4WSL4Rb662Zx2FKJ+yXeHyik2hi7aXg\nf/JNI73gi9pi3yhY3YOHvgYziFfg4KrhXxdfpfKB/0TRXNBzDA/P+tmLmaDyAP5r\nUJ+L29G2rHFln4vlCGFkgEGQVhk3g50Eq7aRBLDJHvqnuklSvoU/D0hI8DVMSEnp\nTqAgaZ0N/GEjOHnP5M3HO+P8RGgf4XNnowaHym+lueJeyjrr/NIGHq6DE9ty+wJy\ns4++SSNPjiv0+IUOPo0AAAADAQABAAACAGfdJlvo89gQk57gRgsCmzMca8qQLfj2\nBUDD/mBg9MXabmrTXMYafyJZnVV8b5VWwpGzGbXB74hwcrSQiou0GjE3ze9c+ve+\nhE58/w4+woOEhdUG0Fe1BVolo9/yBc7p4Tqn9vPi750ULJjZ2B0abevab77SEP6+\nfyuI9yvVwVFtOSH7PE61IaUUQ6F7tPRA7KJ9+rR7j4mmCc4t5+Lys55tmZN+wYlm\nLwOgC+SvK6DOAJwYY2U5iUcD1RkM7QTQubRtOuHEZhtFfGvAIo+rR47s8FiiCAgc\neE0ydDcWY6TkErKII1zpsKTJYcfzg7734+pO2wqKC+sd6N7RxukNk+q4NNjxPvLj\nq0sZfXfco7ftwoxEdKIoq5UQ6EWfI16g67i8O0pmnBYmBuca0qAB+DvWcRGti789\nqX4PHn5xx39apkkhRqBsoAN17JcX/mj7Jh5HSpjxHxaoADhFXffdauZPEn/SDGR2\nhFlg1b6diDCs//DF8Ql//vvAAqoV4l30jJUWTbd02+SEVhobz3VwBYL02/kP7gFz\n7N5aS8SeZK7zL/ZS/PkNe7C8xuF90BvHp/30TZpl61D3CO+7bH448clvPJDsradU\noCHqa23nbIvqu1ENN160wkbeQHBzOyge2GNu4AMEHIf0zrd+3ivgKmv6gPb1O/xE\nyDw5UZj1yflBAAABAAffdHlNHQvLOtCO3IYXKEdkZWpSmwoDirjzJeA2q51AMZ/1\nZZG0EqstOmWBhzbpbuH3Id3hgJgrWWMERX6mLyLPh4V+ib08OpAaIzzrwml2XAqX\nl12Ly+AWm1V4s9e80EO7n+KgApTm+EezQ1YT2utaTM4hgKXwc5LU5XTcZ2mJiK6m\nVAluan8GnyhzmC7deKVPQzhbJwgu+2sqejG+kQfQQlTQk2R1OEGQd2IX9vxmymwl\n+cXTO/WgAM3l1H8WvHaCcOVfx+hA222Kkc13owAuBXhHCDTXRuJn0aRyIuvGtFcq\n3Y0SZEWywkpqNFJQQR3/aRdTEfidF20PL84FgScAAAEBAN5ZNDWG231zrt2nNcED\nOYQVd3SleiQflEr0kRtT+ySvp0u8ziGHalnCPP43a++WvfpgWdAGnnpe15ThrTCT\nAEVmS32IRjqoyMjt1NL2zgTGcLwXGKK7RNu/eWx+U0+1/wCgt6tJZuxpm6PjUuIN\nT+8/fHOETzHb0ycBo9qmGeWffK8ivcUN5KGhuHNZD0LMNSHHyCuWAaNt0SrAbS4v\n6ZkDGgqQ3Ws/maPN4C9FxqQ31gA0Y2GighjhRtXyYkoxZ/npBgJMWyvQJfUF3ctP\n/HrqdFpPMMJcXlvyEbR8CqNNxH+VXAOXPV30KbpxuuomxesQtibn/NAsULsR5oTY\n748AAAEBAPaDNvTo872Y6qoX9XZX/p7q/7egHEzJ+7qmMW0+QzvASRLU29nSpoMI\nkCSPhy9fCGqUHhtbDgZhzMUYF9pm81Kk5FbdbRkX43d+g8pEy1NmYPBohtbYAQcg\nJKN7POmgqaMd6DFFhWUKlj4bURygNrN0uRY2gc30mInxLAesHferrTTnEfJfqte9\n7PbvBQZzNCL+H1rHt6MGW6tQjy0PleTcv7usiC9Ic6HuBAzirY9OoYT8j9KkU9pQ\nVFQ4dSNHLVlboMu0t3Vu3zolqWDa9/u1xpE1rWG6yU3FEiDdiLQ/NBI8VpsODDrQ\nBZfGRwwsi19tcdQijsx3XN1iutjjoiMAAAAAAQID\n-----END OPENSSH PRIVATE KEY-----\n",
            "private_key_pem": "-----BEGIN RSA PRIVATE KEY-----\nMIIJJwIBAAKCAgEA1huvjK9YhP7vPyllfGXU4q+5tgPOFa1FoHohiG74dBN9JLum\nBNNV6MA5EVfHdGQrnXwpjpaGVQhV2JoVGV6+NPfgXRvIglS+RM9HmGWoqqMu+UYA\ngOFxHNG7PuuPqUo2JfPF/V/BIKBaCI4dj0mnqwjatjDT8bHoX+uqXJv/zNb8Ytp+\nmTMFwEXmaFpd7BPZHly9iioIi5Nq+BL86i7SJJmChWnx5L+mJoPL/N4/QkzMauDy\nMfbXKbhVx9faAckadAJxPXMdgEle1ZWyDUC8DlZQsnWBTj2Wbl8X6Wj1yKl7er2R\nPY+BVyzCbSr/PzlbGxQDS+0c5rK6ybdhvvklscrO5mIod4Nw9EU07+dQDBYS11eR\nhrOAzK0SX6Vf2akOW6BO+sc5kp5pP46xQ2x1LXQiA3BzK3vMVO2YelHBh6U7BBX5\nO6nRzxXoQ4WSL4Rb662Zx2FKJ+yXeHyik2hi7aXgf/JNI73gi9pi3yhY3YOHvgYz\niFfg4KrhXxdfpfKB/0TRXNBzDA/P+tmLmaDyAP5rUJ+L29G2rHFln4vlCGFkgEGQ\nVhk3g50Eq7aRBLDJHvqnuklSvoU/D0hI8DVMSEnpTqAgaZ0N/GEjOHnP5M3HO+P8\nRGgf4XNnowaHym+lueJeyjrr/NIGHq6DE9ty+wJys4++SSNPjiv0+IUOPo0CAwEA\nAQKCAgBn3SZb6PPYEJOe4EYLApszHGvKkC349gVAw/5gYPTF2m5q01zGGn8iWZ1V\nfG+VVsKRsxm1we+IcHK0kIqLtBoxN83vXPr3voROfP8OPsKDhIXVBtBXtQVaJaPf\n8gXO6eE6p/bz4u+dFCyY2dgdGm3r2m++0hD+vn8riPcr1cFRbTkh+zxOtSGlFEOh\ne7T0QOyiffq0e4+JpgnOLefi8rOebZmTfsGJZi8DoAvkryugzgCcGGNlOYlHA9UZ\nDO0E0Lm0bTrhxGYbRXxrwCKPq0eO7PBYoggIHHhNMnQ3FmOk5BKyiCNc6bCkyWHH\n84O+9+PqTtsKigvrHeje0cbpDZPquDTY8T7y46tLGX133KO37cKMRHSiKKuVEOhF\nnyNeoOu4vDtKZpwWJgbnGtKgAfg71nERrYu/Pal+Dx5+ccd/WqZJIUagbKADdeyX\nF/5o+yYeR0qY8R8WqAA4RV333WrmTxJ/0gxkdoRZYNW+nYgwrP/wxfEJf/77wAKq\nFeJd9IyVFk23dNvkhFYaG891cAWC9Nv5D+4Bc+zeWkvEnmSu8y/2Uvz5DXuwvMbh\nfdAbx6f99E2aZetQ9wjvu2x+OPHJbzyQ7K2nVKAh6mtt52yL6rtRDTdetMJG3kBw\nczsoHthjbuADBByH9M63ft4r4Cpr+oD29Tv8RMg8OVGY9cn5QQKCAQEA3lk0NYbb\nfXOu3ac1wQM5hBV3dKV6JB+USvSRG1P7JK+nS7zOIYdqWcI8/jdr75a9+mBZ0Aae\nel7XlOGtMJMARWZLfYhGOqjIyO3U0vbOBMZwvBcYortE2795bH5TT7X/AKC3q0lm\n7Gmbo+NS4g1P7z98c4RPMdvTJwGj2qYZ5Z98ryK9xQ3koaG4c1kPQsw1IcfIK5YB\no23RKsBtLi/pmQMaCpDdaz+Zo83gL0XGpDfWADRjYaKCGOFG1fJiSjFn+ekGAkxb\nK9Al9QXdy0/8eup0Wk8wwlxeW/IRtHwKo03Ef5VcA5c9XfQpunG66ibF6xC2Juf8\n0CxQuxHmhNjvjwKCAQEA9oM29OjzvZjqqhf1dlf+nur/t6AcTMn7uqYxbT5DO8BJ\nEtTb2dKmgwiQJI+HL18IapQeG1sOBmHMxRgX2mbzUqTkVt1tGRfjd36DykTLU2Zg\n8GiG1tgBByAko3s86aCpox3oMUWFZQqWPhtRHKA2s3S5FjaBzfSYifEsB6wd96ut\nNOcR8l+q173s9u8FBnM0Iv4fWse3owZbq1CPLQ+V5Ny/u6yIL0hzoe4EDOKtj06h\nhPyP0qRT2lBUVDh1I0ctWVugy7S3dW7fOiWpYNr3+7XGkTWtYbrJTcUSIN2ItD80\nEjxWmw4MOtAFl8ZHDCyLX21x1CKOzHdc3WK62OOiIwKCAQBoI7GfTF1rAY6qRBGa\nKA99PKypVoPBfYTwImIAQbJD+X1KrNCCxbDa/22fx4dnPNwX8569HwyE1fz0v0pl\nkMQ0vPeogPYbrUf1S+c9M9lERUkx30NrnHhgz+poFTaiA+S+f4fm0sdA/SmndeYw\n9/kzXjHEzPhmqsXX5B3BX8CLWsqEIKpvK9WkmmEQrWrHZ2uPOcoYF/cGe33XHy9D\nza8EOn6s6jK6c5xbKybQHUcvTPOPPvo5FWsHiiOqOw8sHr3LQAfPdcHR4HiWrTu3\naOwhCcSbM7HrpmWPfO4r8VjuKZNaCjOBfwmAAsa0i2X3G1fhg/88c7VmLwtUwsqL\n+CsjAoIBACbf1GfU4LMyjTcbpiLuh4HKL19myW+2npL1qG/A1Nt0XFGy7aSxGn8p\nd4m8dKYcx3f/Oaw4tMJ+48rlHMXdXFvZEwU7z/uYD9AFTIU2ShYx2/Gtmi4BTFAy\nWnTJd3akVnwZuEck3n9rpvvOVQE9psKwEowVNm0jOHbwaHAhTWyET0E7e1IMkiWJ\nlvfuA43b1wn5pzoqqqPz2brvblS903aO9VGESMmkFFAh99OMX7Bsxv3w0kF2lp6j\n8liBur9Adz9TOs1FB3VmcZ961vYmMdso9FJr85ao3Rv9ivlR1kAOg4ioqUO0eGtB\n6M/hfczGrYfz+3JnrLtDy4pCCpMvep8CggEAB990eU0dC8s60I7chhcoR2RlalKb\nCgOKuPMl4DarnUAxn/VlkbQSqy06ZYGHNulu4fch3eGAmCtZYwRFfqYvIs+HhX6J\nvTw6kBojPOvCaXZcCpeXXYvL4BabVXiz17zQQ7uf4qAClOb4R7NDVhPa61pMziGA\npfBzktTldNxnaYmIrqZUCW5qfwafKHOYLt14pU9DOFsnCC77ayp6Mb6RB9BCVNCT\nZHU4QZB3Yhf2/GbKbCX5xdM79aAAzeXUfxa8doJw5V/H6EDbbYqRzXejAC4FeEcI\nNNdG4mfRpHIi68a0VyrdjRJkRbLCSmo0UlBBHf9pF1MR+J0XbQ8vzgWBJw==\n-----END RSA PRIVATE KEY-----\n",
            "private_key_pem_pkcs8": "-----BEGIN PRIVATE KEY-----\nMIIJQQIBADANBgkqhkiG9w0BAQEFAASCCSswggknAgEAAoICAQDWG6+Mr1iE/u8/\nKWV8ZdTir7m2A84VrUWgeiGIbvh0E30ku6YE01XowDkRV8d0ZCudfCmOloZVCFXY\nmhUZXr409+BdG8iCVL5Ez0eYZaiqoy75RgCA4XEc0bs+64+pSjYl88X9X8EgoFoI\njh2PSaerCNq2MNPxsehf66pcm//M1vxi2n6ZMwXAReZoWl3sE9keXL2KKgiLk2r4\nEvzqLtIkmYKFafHkv6Ymg8v83j9CTMxq4PIx9tcpuFXH19oByRp0AnE9cx2ASV7V\nlbINQLwOVlCydYFOPZZuXxfpaPXIqXt6vZE9j4FXLMJtKv8/OVsbFANL7RzmsrrJ\nt2G++SWxys7mYih3g3D0RTTv51AMFhLXV5GGs4DMrRJfpV/ZqQ5boE76xzmSnmk/\njrFDbHUtdCIDcHMre8xU7Zh6UcGHpTsEFfk7qdHPFehDhZIvhFvrrZnHYUon7Jd4\nfKKTaGLtpeB/8k0jveCL2mLfKFjdg4e+BjOIV+DgquFfF1+l8oH/RNFc0HMMD8/6\n2YuZoPIA/mtQn4vb0bascWWfi+UIYWSAQZBWGTeDnQSrtpEEsMke+qe6SVK+hT8P\nSEjwNUxISelOoCBpnQ38YSM4ec/kzcc74/xEaB/hc2ejBofKb6W54l7KOuv80gYe\nroMT23L7AnKzj75JI0+OK/T4hQ4+jQIDAQABAoICAGfdJlvo89gQk57gRgsCmzMc\na8qQLfj2BUDD/mBg9MXabmrTXMYafyJZnVV8b5VWwpGzGbXB74hwcrSQiou0GjE3\nze9c+ve+hE58/w4+woOEhdUG0Fe1BVolo9/yBc7p4Tqn9vPi750ULJjZ2B0abeva\nb77SEP6+fyuI9yvVwVFtOSH7PE61IaUUQ6F7tPRA7KJ9+rR7j4mmCc4t5+Lys55t\nmZN+wYlmLwOgC+SvK6DOAJwYY2U5iUcD1RkM7QTQubRtOuHEZhtFfGvAIo+rR47s\n8FiiCAgceE0ydDcWY6TkErKII1zpsKTJYcfzg7734+pO2wqKC+sd6N7RxukNk+q4\nNNjxPvLjq0sZfXfco7ftwoxEdKIoq5UQ6EWfI16g67i8O0pmnBYmBuca0qAB+DvW\ncRGti789qX4PHn5xx39apkkhRqBsoAN17JcX/mj7Jh5HSpjxHxaoADhFXffdauZP\nEn/SDGR2hFlg1b6diDCs//DF8Ql//vvAAqoV4l30jJUWTbd02+SEVhobz3VwBYL0\n2/kP7gFz7N5aS8SeZK7zL/ZS/PkNe7C8xuF90BvHp/30TZpl61D3CO+7bH448clv\nPJDsradUoCHqa23nbIvqu1ENN160wkbeQHBzOyge2GNu4AMEHIf0zrd+3ivgKmv6\ngPb1O/xEyDw5UZj1yflBAoIBAQDeWTQ1htt9c67dpzXBAzmEFXd0pXokH5RK9JEb\nU/skr6dLvM4hh2pZwjz+N2vvlr36YFnQBp56XteU4a0wkwBFZkt9iEY6qMjI7dTS\n9s4ExnC8Fxiiu0Tbv3lsflNPtf8AoLerSWbsaZuj41LiDU/vP3xzhE8x29MnAaPa\nphnln3yvIr3FDeShobhzWQ9CzDUhx8grlgGjbdEqwG0uL+mZAxoKkN1rP5mjzeAv\nRcakN9YANGNhooIY4UbV8mJKMWf56QYCTFsr0CX1Bd3LT/x66nRaTzDCXF5b8hG0\nfAqjTcR/lVwDlz1d9Cm6cbrqJsXrELYm5/zQLFC7EeaE2O+PAoIBAQD2gzb06PO9\nmOqqF/V2V/6e6v+3oBxMyfu6pjFtPkM7wEkS1NvZ0qaDCJAkj4cvXwhqlB4bWw4G\nYczFGBfaZvNSpORW3W0ZF+N3foPKRMtTZmDwaIbW2AEHICSjezzpoKmjHegxRYVl\nCpY+G1EcoDazdLkWNoHN9JiJ8SwHrB33q6005xHyX6rXvez27wUGczQi/h9ax7ej\nBlurUI8tD5Xk3L+7rIgvSHOh7gQM4q2PTqGE/I/SpFPaUFRUOHUjRy1ZW6DLtLd1\nbt86Jalg2vf7tcaRNa1huslNxRIg3Yi0PzQSPFabDgw60AWXxkcMLItfbXHUIo7M\nd1zdYrrY46IjAoIBAGgjsZ9MXWsBjqpEEZooD308rKlWg8F9hPAiYgBBskP5fUqs\n0ILFsNr/bZ/Hh2c83Bfznr0fDITV/PS/SmWQxDS896iA9hutR/VL5z0z2URFSTHf\nQ2uceGDP6mgVNqID5L5/h+bSx0D9Kad15jD3+TNeMcTM+GaqxdfkHcFfwItayoQg\nqm8r1aSaYRCtasdna485yhgX9wZ7fdcfL0PNrwQ6fqzqMrpznFsrJtAdRy9M848+\n+jkVaweKI6o7DywevctAB891wdHgeJatO7do7CEJxJszseumZY987ivxWO4pk1oK\nM4F/CYACxrSLZfcbV+GD/zxztWYvC1TCyov4KyMCggEAJt/UZ9TgszKNNxumIu6H\ngcovX2bJb7aekvWob8DU23RcUbLtpLEafyl3ibx0phzHd/85rDi0wn7jyuUcxd1c\nW9kTBTvP+5gP0AVMhTZKFjHb8a2aLgFMUDJadMl3dqRWfBm4RyTef2um+85VAT2m\nwrASjBU2bSM4dvBocCFNbIRPQTt7UgySJYmW9+4DjdvXCfmnOiqqo/PZuu9uVL3T\ndo71UYRIyaQUUCH304xfsGzG/fDSQXaWnqPyWIG6v0B3P1M6zUUHdWZxn3rW9iYx\n2yj0UmvzlqjdG/2K+VHWQA6DiKipQ7R4a0Hoz+F9zMath/P7cmesu0PLikIKky96\nnwKCAQAH33R5TR0LyzrQjtyGFyhHZGVqUpsKA4q48yXgNqudQDGf9WWRtBKrLTpl\ngYc26W7h9yHd4YCYK1ljBEV+pi8iz4eFfom9PDqQGiM868JpdlwKl5ddi8vgFptV\neLPXvNBDu5/ioAKU5vhHs0NWE9rrWkzOIYCl8HOS1OV03GdpiYiuplQJbmp/Bp8o\nc5gu3XilT0M4WycILvtrKnoxvpEH0EJU0JNkdThBkHdiF/b8ZspsJfnF0zv1oADN\n5dR/Frx2gnDlX8foQNttipHNd6MALgV4Rwg010biZ9GkciLrxrRXKt2NEmRFssJK\najRSUEEd/2kXUxH4nRdtDy/OBYEn\n-----END PRIVATE KEY-----\n",
            "public_key_fingerprint_md5": "2a:31:63:2d:d0:98:85:d8:1f:50:ae:8d:b8:1b:0f:d4",
            "public_key_fingerprint_sha256": "SHA256:i3AXhtJl9UeSSXvDPFDEANhhgMm8cBJ71Bs3rxkaY5c",
            "public_key_openssh": "ssh-rsa AAAAB3NzaC1yc2EAAAADAQABAAACAQDWG6+Mr1iE/u8/KWV8ZdTir7m2A84VrUWgeiGIbvh0E30ku6YE01XowDkRV8d0ZCudfCmOloZVCFXYmhUZXr409+BdG8iCVL5Ez0eYZaiqoy75RgCA4XEc0bs+64+pSjYl88X9X8EgoFoIjh2PSaerCNq2MNPxsehf66pcm//M1vxi2n6ZMwXAReZoWl3sE9keXL2KKgiLk2r4EvzqLtIkmYKFafHkv6Ymg8v83j9CTMxq4PIx9tcpuFXH19oByRp0AnE9cx2ASV7VlbINQLwOVlCydYFOPZZuXxfpaPXIqXt6vZE9j4FXLMJtKv8/OVsbFANL7RzmsrrJt2G++SWxys7mYih3g3D0RTTv51AMFhLXV5GGs4DMrRJfpV/ZqQ5boE76xzmSnmk/jrFDbHUtdCIDcHMre8xU7Zh6UcGHpTsEFfk7qdHPFehDhZIvhFvrrZnHYUon7Jd4fKKTaGLtpeB/8k0jveCL2mLfKFjdg4e+BjOIV+DgquFfF1+l8oH/RNFc0HMMD8/62YuZoPIA/mtQn4vb0bascWWfi+UIYWSAQZBWGTeDnQSrtpEEsMke+qe6SVK+hT8PSEjwNUxISelOoCBpnQ38YSM4ec/kzcc74/xEaB/hc2ejBofKb6W54l7KOuv80gYeroMT23L7AnKzj75JI0+OK/T4hQ4+jQ==\n",
            "public_key_pem": "-----BEGIN PUBLIC KEY-----\nMIICIjANBgkqhkiG9w0BAQEFAAOCAg8AMIICCgKCAgEA1huvjK9YhP7vPyllfGXU\n4q+5tgPOFa1FoHohiG74dBN9JLumBNNV6MA5EVfHdGQrnXwpjpaGVQhV2JoVGV6+\nNPfgXRvIglS+RM9HmGWoqqMu+UYAgOFxHNG7PuuPqUo2JfPF/V/BIKBaCI4dj0mn\nqwjatjDT8bHoX+uqXJv/zNb8Ytp+mTMFwEXmaFpd7BPZHly9iioIi5Nq+BL86i7S\nJJmChWnx5L+mJoPL/N4/QkzMauDyMfbXKbhVx9faAckadAJxPXMdgEle1ZWyDUC8\nDlZQsnWBTj2Wbl8X6Wj1yKl7er2RPY+BVyzCbSr/PzlbGxQDS+0c5rK6ybdhvvkl\nscrO5mIod4Nw9EU07+dQDBYS11eRhrOAzK0SX6Vf2akOW6BO+sc5kp5pP46xQ2x1\nLXQiA3BzK3vMVO2YelHBh6U7BBX5O6nRzxXoQ4WSL4Rb662Zx2FKJ+yXeHyik2hi\n7aXgf/JNI73gi9pi3yhY3YOHvgYziFfg4KrhXxdfpfKB/0TRXNBzDA/P+tmLmaDy\nAP5rUJ+L29G2rHFln4vlCGFkgEGQVhk3g50Eq7aRBLDJHvqnuklSvoU/D0hI8DVM\nSEnpTqAgaZ0N/GEjOHnP5M3HO+P8RGgf4XNnowaHym+lueJeyjrr/NIGHq6DE9ty\n+wJys4++SSNPjiv0+IUOPo0CAwEAAQ==\n-----END PUBLIC KEY-----\n",
            "rsa_bits": 4096
          },
          "sensitive_attributes": [
            [
              {
                "type": "get_attr",
                "value": "private_key_openssh"
              }
            ],
            [
              {
                "type": "get_attr",
                "value": "private_key_pem_pkcs8"
              }
            ],
            [
              {
                "type": "get_attr",
                "value": "private_key_pem"
              }
            ]
          ]
        }
      ]
    }
  ],
  "check_results": null
}
